{
  "name": "static",
  "version": "1.0.0",
  "lockfileVersion": 3,
  "requires": true,
  "packages": {
    "": {
      "name": "static",
      "version": "1.0.0",
      "license": "ISC",
      "dependencies": {
        "restinpieces": "github:caasmo/restinpieces-js-sdk#v0.8.0"
      }
    },
    "node_modules/restinpieces": {
      "version": "0.8.0",
      "resolved": "git+ssh://git@github.com/caasmo/restinpieces-js-sdk.git#d7061721e25957daedb2825ed5b2f47a4f3bfe58",
      "license": "MIT"
    }
  }
}
