{
  "name": "static",
  "version": "1.0.0",
  "lockfileVersion": 3,
  "requires": true,
  "packages": {
    "": {
      "name": "static",
      "version": "1.0.0",
      "license": "ISC",
      "dependencies": {
        "restinpieces": "github:caasmo/restinpieces-js-sdk#v0.5.0"
      }
    },
    "node_modules/restinpieces": {
      "version": "0.5.0",
      "resolved": "git+ssh://git@github.com/caasmo/restinpieces-js-sdk.git#3a673b4dd4c9de607f390dbef9e83939395fd3f3",
      "license": "MIT"
    }
  }
}
