{
  "name": "static",
  "version": "1.0.0",
  "lockfileVersion": 3,
  "requires": true,
  "packages": {
    "": {
      "name": "static",
      "version": "1.0.0",
      "license": "ISC",
      "dependencies": {
        "restinpieces": "github:caasmo/restinpieces-js-sdk#v0.7.0"
      }
    },
    "node_modules/restinpieces": {
      "version": "0.7.0",
      "resolved": "git+ssh://git@github.com/caasmo/restinpieces-js-sdk.git#494922f08cc95397667f802648ab4c6f6a846973",
      "license": "MIT"
    }
  }
}
