{
  "name": "static",
  "version": "1.0.0",
  "lockfileVersion": 3,
  "requires": true,
  "packages": {
    "": {
      "name": "static",
      "version": "1.0.0",
      "license": "ISC",
      "dependencies": {
        "restinpieces": "github:caasmo/restinpieces-js-sdk#v0.23.0"
      }
    },
    "node_modules/restinpieces": {
      "version": "0.23.0",
      "resolved": "git+ssh://git@github.com/caasmo/restinpieces-js-sdk.git#eca46001a404426ace64808945c850c40adfe5fc",
      "license": "MIT"
    }
  }
}
