{
  "name": "static",
  "version": "1.0.0",
  "lockfileVersion": 3,
  "requires": true,
  "packages": {
    "": {
      "name": "static",
      "version": "1.0.0",
      "license": "ISC",
      "dependencies": {
        "restinpieces": "github:caasmo/restinpieces-js-sdk#v0.24.0"
      }
    },
    "node_modules/restinpieces": {
      "version": "0.24.0",
      "resolved": "git+ssh://git@github.com/caasmo/restinpieces-js-sdk.git#d7cd91282b90285cd0f4f9302b68cd0f112b233a",
      "license": "MIT"
    }
  }
}
